
Microsoft Visual Studio Solution File, Format Version 12.00
# Visual Studio Version 16
VisualStudioVersion = 16.0.30320.27
MinimumVisualStudioVersion = 10.0.40219.1
Project("{FAE04EC0-301F-11D3-BF4B-00C04F79EFBC}") = "WindowsFormsApp7", "WindowsFormsApp7.csproj", "{034D297B-8265-4A10-8E7B-5CE7938724BB}"
EndProject
Global
	GlobalSection(SolutionConfigurationPlatforms) = preSolution
		Debug|Any CPU = Debug|Any CPU
		Release|Any CPU = Release|Any CPU
	EndGlobalSection
	GlobalSection(ProjectConfigurationPlatforms) = postSolution
		{034D297B-8265-4A10-8E7B-5CE7938724BB}.Debug|Any CPU.ActiveCfg = Debug|Any CPU
		{034D297B-8265-4A10-8E7B-5CE7938724BB}.Debug|Any CPU.Build.0 = Debug|Any CPU
		{034D297B-8265-4A10-8E7B-5CE7938724BB}.Release|Any CPU.ActiveCfg = Release|Any CPU
		{034D297B-8265-4A10-8E7B-5CE7938724BB}.Release|Any CPU.Build.0 = Release|Any CPU
	EndGlobalSection
	GlobalSection(SolutionProperties) = preSolution
		HideSolutionNode = FALSE
	EndGlobalSection
	GlobalSection(ExtensibilityGlobals) = postSolution
		SolutionGuid = {287975EB-66FA-4532-B0A4-DEC72D9DCB61}
	EndGlobalSection
EndGlobal
